// !$*UTF8*$!
{
	archiveVersion = 1;
	classes = {
	};
	objectVersion = 51;
	objects = {

/* Begin PBXBuildFile section */
		0C5B9148301D7C16C7010ECE /* Pods_Dokie.framework in Frameworks */ = {isa = PBXBuildFile; fileRef = C6F2CDF93B455F06D1D2B02A /* Pods_Dokie.framework */; };
		4F0000AE246EFEF70017A008 /* String+Dokie.swift in Sources */ = {isa = PBXBuildFile; fileRef = 4F0000AD246EFEF70017A008 /* String+Dokie.swift */; };
		4F0000B2246F3E800017A008 /* CoreDataScheduler.swift in Sources */ = {isa = PBXBuildFile; fileRef = 4F0000B1246F3E800017A008 /* CoreDataScheduler.swift */; };
		4F0000B4246F40290017A008 /* CoreDataManager.swift in Sources */ = {isa = PBXBuildFile; fileRef = 4F0000B3246F40290017A008 /* CoreDataManager.swift */; };
		4F0000B7246FD8320017A008 /* EncryptionManager.swift in Sources */ = {isa = PBXBuildFile; fileRef = 4F0000B6246FD8320017A008 /* EncryptionManager.swift */; };
		4F0000BA246FDDC40017A008 /* Error.swift in Sources */ = {isa = PBXBuildFile; fileRef = 4F0000B9246FDDC40017A008 /* Error.swift */; };
		4F0000BD246FE6AE0017A008 /* CDChecksum.swift in Sources */ = {isa = PBXBuildFile; fileRef = 4F0000BC246FE6AE0017A008 /* CDChecksum.swift */; };
		4F0000BF246FE7390017A008 /* CDContent.swift in Sources */ = {isa = PBXBuildFile; fileRef = 4F0000BE246FE7390017A008 /* CDContent.swift */; };
		4F0000C1246FEC8A0017A008 /* CDFile.swift in Sources */ = {isa = PBXBuildFile; fileRef = 4F0000C0246FEC8A0017A008 /* CDFile.swift */; };
		4F0000C5246FECD40017A008 /* CDFolder.swift in Sources */ = {isa = PBXBuildFile; fileRef = 4F0000C4246FECD40017A008 /* CDFolder.swift */; };
		4F0000C7246FED5B0017A008 /* CDDocument.swift in Sources */ = {isa = PBXBuildFile; fileRef = 4F0000C6246FED5B0017A008 /* CDDocument.swift */; };
		4F0000C9246FEDEB0017A008 /* CDVersion.swift in Sources */ = {isa = PBXBuildFile; fileRef = 4F0000C8246FEDEB0017A008 /* CDVersion.swift */; };
		4F0000CB246FEE1C0017A008 /* CDTag.swift in Sources */ = {isa = PBXBuildFile; fileRef = 4F0000CA246FEE1C0017A008 /* CDTag.swift */; };
		4F0000D1247127180017A008 /* FileNameTableViewCell.swift in Sources */ = {isa = PBXBuildFile; fileRef = 4F0000D0247127180017A008 /* FileNameTableViewCell.swift */; };
		4F0000D424712C230017A008 /* UI.swift in Sources */ = {isa = PBXBuildFile; fileRef = 4F0000D324712C230017A008 /* UI.swift */; };
		4F01ECFA24968ABC00CA624C /* ImagesManager.swift in Sources */ = {isa = PBXBuildFile; fileRef = 4F01ECF924968ABC00CA624C /* ImagesManager.swift */; };
		4F27A4FB2483F29200822D48 /* AES.swift in Sources */ = {isa = PBXBuildFile; fileRef = 4F27A4FA2483F29200822D48 /* AES.swift */; };
		4F27A4FF2484377D00822D48 /* Crypto.m in Sources */ = {isa = PBXBuildFile; fileRef = 4F27A4FE2484377D00822D48 /* Crypto.m */; };
		4F27A5012486D1C300822D48 /* TagsScrollView.swift in Sources */ = {isa = PBXBuildFile; fileRef = 4F27A5002486D1C300822D48 /* TagsScrollView.swift */; };
		4F27A5032486D1DC00822D48 /* TagView.swift in Sources */ = {isa = PBXBuildFile; fileRef = 4F27A5022486D1DC00822D48 /* TagView.swift */; };
		4F27A5052486F63C00822D48 /* TagsScrollViewModel.swift in Sources */ = {isa = PBXBuildFile; fileRef = 4F27A5042486F63C00822D48 /* TagsScrollViewModel.swift */; };
		4F27A5072486F78800822D48 /* TagViewModel.swift in Sources */ = {isa = PBXBuildFile; fileRef = 4F27A5062486F78800822D48 /* TagViewModel.swift */; };
		4F27A50D2489898700822D48 /* UIEdgeInsets+Dokie.swift in Sources */ = {isa = PBXBuildFile; fileRef = 4F27A50C2489898700822D48 /* UIEdgeInsets+Dokie.swift */; };
		4F2E85A024716C38003A2562 /* FolderNameTableViewCell.swift in Sources */ = {isa = PBXBuildFile; fileRef = 4F2E859F24716C38003A2562 /* FolderNameTableViewCell.swift */; };
		4F2E85A624717355003A2562 /* DocumentTextTableViewCell.swift in Sources */ = {isa = PBXBuildFile; fileRef = 4F2E85A524717355003A2562 /* DocumentTextTableViewCell.swift */; };
		4F2E85A9247173C0003A2562 /* Definitions.swift in Sources */ = {isa = PBXBuildFile; fileRef = 4F2E85A8247173C0003A2562 /* Definitions.swift */; };
		4F2E85AB24717ED4003A2562 /* DocumentTextView.swift in Sources */ = {isa = PBXBuildFile; fileRef = 4F2E85AA24717ED4003A2562 /* DocumentTextView.swift */; };
		4F2E85AD24717FB6003A2562 /* DocumentTextViewModel.swift in Sources */ = {isa = PBXBuildFile; fileRef = 4F2E85AC24717FB6003A2562 /* DocumentTextViewModel.swift */; };
		4F31A25F247B1AA500EB9374 /* FileImageView.swift in Sources */ = {isa = PBXBuildFile; fileRef = 4F31A25E247B1AA500EB9374 /* FileImageView.swift */; };
		4F31A261247B238500EB9374 /* FilePreviewCollectionViewCell.swift in Sources */ = {isa = PBXBuildFile; fileRef = 4F31A260247B238500EB9374 /* FilePreviewCollectionViewCell.swift */; };
		4F31A263247BFC1D00EB9374 /* DocumentFilesViewModel.swift in Sources */ = {isa = PBXBuildFile; fileRef = 4F31A262247BFC1D00EB9374 /* DocumentFilesViewModel.swift */; };
		4F31A265247C0BE800EB9374 /* DocumentFilesView.swift in Sources */ = {isa = PBXBuildFile; fileRef = 4F31A264247C0BE800EB9374 /* DocumentFilesView.swift */; };
		4F31A268247C1D1400EB9374 /* FolderViewController.swift in Sources */ = {isa = PBXBuildFile; fileRef = 4F31A267247C1D1400EB9374 /* FolderViewController.swift */; };
		4F31A26A247C1D3000EB9374 /* FolderViewModel.swift in Sources */ = {isa = PBXBuildFile; fileRef = 4F31A269247C1D3000EB9374 /* FolderViewModel.swift */; };
		4F31A26E247C1EDD00EB9374 /* DocumentImagesPageViewController.swift in Sources */ = {isa = PBXBuildFile; fileRef = 4F31A26D247C1EDD00EB9374 /* DocumentImagesPageViewController.swift */; };
		4F31A270247C1F0400EB9374 /* DocumentImagesPageViewModel.swift in Sources */ = {isa = PBXBuildFile; fileRef = 4F31A26F247C1F0400EB9374 /* DocumentImagesPageViewModel.swift */; };
		4F31A272247C1F1E00EB9374 /* ImagePreviewViewController.swift in Sources */ = {isa = PBXBuildFile; fileRef = 4F31A271247C1F1E00EB9374 /* ImagePreviewViewController.swift */; };
		4F31A274247C1FF600EB9374 /* DocumentViewController.swift in Sources */ = {isa = PBXBuildFile; fileRef = 4F31A273247C1FF600EB9374 /* DocumentViewController.swift */; };
		4F31A277247C200D00EB9374 /* ChangePasswordViewController.swift in Sources */ = {isa = PBXBuildFile; fileRef = 4F31A276247C200D00EB9374 /* ChangePasswordViewController.swift */; };
		4F31A27A247C202B00EB9374 /* AboutViewController.swift in Sources */ = {isa = PBXBuildFile; fileRef = 4F31A279247C202B00EB9374 /* AboutViewController.swift */; };
		4F31A27C247C203A00EB9374 /* ChangePasswordViewModel.swift in Sources */ = {isa = PBXBuildFile; fileRef = 4F31A27B247C203A00EB9374 /* ChangePasswordViewModel.swift */; };
		4F31A27E247C204C00EB9374 /* DocumentViewModel.swift in Sources */ = {isa = PBXBuildFile; fileRef = 4F31A27D247C204C00EB9374 /* DocumentViewModel.swift */; };
		4F992A20246DB1AC00DD90C2 /* AppDelegate.swift in Sources */ = {isa = PBXBuildFile; fileRef = 4F992A1F246DB1AC00DD90C2 /* AppDelegate.swift */; };
		4F992A2A246DB1AC00DD90C2 /* Dokie.xcdatamodeld in Sources */ = {isa = PBXBuildFile; fileRef = 4F992A28246DB1AC00DD90C2 /* Dokie.xcdatamodeld */; };
		4F992A2F246DB1AD00DD90C2 /* LaunchScreen.storyboard in Resources */ = {isa = PBXBuildFile; fileRef = 4F992A2D246DB1AD00DD90C2 /* LaunchScreen.storyboard */; };
		4F992A3A246DB1AD00DD90C2 /* DokieTests.swift in Sources */ = {isa = PBXBuildFile; fileRef = 4F992A39246DB1AD00DD90C2 /* DokieTests.swift */; };
		4F992A47246DB2B500DD90C2 /* AppIcon.xcassets in Resources */ = {isa = PBXBuildFile; fileRef = 4F992A45246DB2B500DD90C2 /* AppIcon.xcassets */; };
		4F992A49246DB2C700DD90C2 /* Assets.xcassets in Resources */ = {isa = PBXBuildFile; fileRef = 4F992A48246DB2C700DD90C2 /* Assets.xcassets */; };
		4F992A4C246DB33700DD90C2 /* Localizable.strings in Resources */ = {isa = PBXBuildFile; fileRef = 4F992A4E246DB33700DD90C2 /* Localizable.strings */; };
		4F992A54246DB3C200DD90C2 /* InfoPlist.strings in Resources */ = {isa = PBXBuildFile; fileRef = 4F992A56246DB3C200DD90C2 /* InfoPlist.strings */; };
		4F992A5C246DBEB700DD90C2 /* NavigationRouter.swift in Sources */ = {isa = PBXBuildFile; fileRef = 4F992A5B246DBEB700DD90C2 /* NavigationRouter.swift */; };
		4F992A63246DC0D400DD90C2 /* LoginViewController.swift in Sources */ = {isa = PBXBuildFile; fileRef = 4F992A62246DC0D400DD90C2 /* LoginViewController.swift */; };
		4F992A65246DC10800DD90C2 /* BaseViewController.swift in Sources */ = {isa = PBXBuildFile; fileRef = 4F992A64246DC10800DD90C2 /* BaseViewController.swift */; };
		4F992A69246DC20A00DD90C2 /* Appearance.swift in Sources */ = {isa = PBXBuildFile; fileRef = 4F992A68246DC20A00DD90C2 /* Appearance.swift */; };
		4F992A6B246DC5E800DD90C2 /* LoginViewModel.swift in Sources */ = {isa = PBXBuildFile; fileRef = 4F992A6A246DC5E800DD90C2 /* LoginViewModel.swift */; };
		4F992A6E246DD0CF00DD90C2 /* LocalAuth.swift in Sources */ = {isa = PBXBuildFile; fileRef = 4F992A6D246DD0CF00DD90C2 /* LocalAuth.swift */; };
		4F992A72246E907C00DD90C2 /* Constants.swift in Sources */ = {isa = PBXBuildFile; fileRef = 4F992A71246E907C00DD90C2 /* Constants.swift */; };
/* End PBXBuildFile section */

/* Begin PBXContainerItemProxy section */
		4F992A36246DB1AD00DD90C2 /* PBXContainerItemProxy */ = {
			isa = PBXContainerItemProxy;
			containerPortal = 4F992A14246DB1AC00DD90C2 /* Project object */;
			proxyType = 1;
			remoteGlobalIDString = 4F992A1B246DB1AC00DD90C2;
			remoteInfo = Dokie;
		};
/* End PBXContainerItemProxy section */

/* Begin PBXFileReference section */
		4F0000AD246EFEF70017A008 /* String+Dokie.swift */ = {isa = PBXFileReference; lastKnownFileType = sourcecode.swift; path = "String+Dokie.swift"; sourceTree = "<group>"; };
		4F0000B1246F3E800017A008 /* CoreDataScheduler.swift */ = {isa = PBXFileReference; lastKnownFileType = sourcecode.swift; path = CoreDataScheduler.swift; sourceTree = "<group>"; };
		4F0000B3246F40290017A008 /* CoreDataManager.swift */ = {isa = PBXFileReference; lastKnownFileType = sourcecode.swift; path = CoreDataManager.swift; sourceTree = "<group>"; };
		4F0000B6246FD8320017A008 /* EncryptionManager.swift */ = {isa = PBXFileReference; lastKnownFileType = sourcecode.swift; path = EncryptionManager.swift; sourceTree = "<group>"; };
		4F0000B9246FDDC40017A008 /* Error.swift */ = {isa = PBXFileReference; lastKnownFileType = sourcecode.swift; path = Error.swift; sourceTree = "<group>"; };
		4F0000BC246FE6AE0017A008 /* CDChecksum.swift */ = {isa = PBXFileReference; lastKnownFileType = sourcecode.swift; path = CDChecksum.swift; sourceTree = "<group>"; };
		4F0000BE246FE7390017A008 /* CDContent.swift */ = {isa = PBXFileReference; lastKnownFileType = sourcecode.swift; path = CDContent.swift; sourceTree = "<group>"; };
		4F0000C0246FEC8A0017A008 /* CDFile.swift */ = {isa = PBXFileReference; lastKnownFileType = sourcecode.swift; path = CDFile.swift; sourceTree = "<group>"; };
		4F0000C4246FECD40017A008 /* CDFolder.swift */ = {isa = PBXFileReference; lastKnownFileType = sourcecode.swift; path = CDFolder.swift; sourceTree = "<group>"; };
		4F0000C6246FED5B0017A008 /* CDDocument.swift */ = {isa = PBXFileReference; lastKnownFileType = sourcecode.swift; path = CDDocument.swift; sourceTree = "<group>"; };
		4F0000C8246FEDEB0017A008 /* CDVersion.swift */ = {isa = PBXFileReference; lastKnownFileType = sourcecode.swift; path = CDVersion.swift; sourceTree = "<group>"; };
		4F0000CA246FEE1C0017A008 /* CDTag.swift */ = {isa = PBXFileReference; lastKnownFileType = sourcecode.swift; path = CDTag.swift; sourceTree = "<group>"; };
		4F0000D0247127180017A008 /* FileNameTableViewCell.swift */ = {isa = PBXFileReference; lastKnownFileType = sourcecode.swift; path = FileNameTableViewCell.swift; sourceTree = "<group>"; };
		4F0000D324712C230017A008 /* UI.swift */ = {isa = PBXFileReference; lastKnownFileType = sourcecode.swift; path = UI.swift; sourceTree = "<group>"; };
		4F01ECF924968ABC00CA624C /* ImagesManager.swift */ = {isa = PBXFileReference; lastKnownFileType = sourcecode.swift; path = ImagesManager.swift; sourceTree = "<group>"; };
		4F27A4FA2483F29200822D48 /* AES.swift */ = {isa = PBXFileReference; lastKnownFileType = sourcecode.swift; path = AES.swift; sourceTree = "<group>"; };
		4F27A4FC2484377C00822D48 /* Dokie-Bridging-Header.h */ = {isa = PBXFileReference; lastKnownFileType = sourcecode.c.h; path = "Dokie-Bridging-Header.h"; sourceTree = "<group>"; };
		4F27A4FD2484377D00822D48 /* Crypto.h */ = {isa = PBXFileReference; lastKnownFileType = sourcecode.c.h; path = Crypto.h; sourceTree = "<group>"; };
		4F27A4FE2484377D00822D48 /* Crypto.m */ = {isa = PBXFileReference; lastKnownFileType = sourcecode.c.objc; path = Crypto.m; sourceTree = "<group>"; };
		4F27A5002486D1C300822D48 /* TagsScrollView.swift */ = {isa = PBXFileReference; lastKnownFileType = sourcecode.swift; path = TagsScrollView.swift; sourceTree = "<group>"; };
		4F27A5022486D1DC00822D48 /* TagView.swift */ = {isa = PBXFileReference; lastKnownFileType = sourcecode.swift; path = TagView.swift; sourceTree = "<group>"; };
		4F27A5042486F63C00822D48 /* TagsScrollViewModel.swift */ = {isa = PBXFileReference; lastKnownFileType = sourcecode.swift; path = TagsScrollViewModel.swift; sourceTree = "<group>"; };
		4F27A5062486F78800822D48 /* TagViewModel.swift */ = {isa = PBXFileReference; lastKnownFileType = sourcecode.swift; path = TagViewModel.swift; sourceTree = "<group>"; };
		4F27A50C2489898700822D48 /* UIEdgeInsets+Dokie.swift */ = {isa = PBXFileReference; lastKnownFileType = sourcecode.swift; path = "UIEdgeInsets+Dokie.swift"; sourceTree = "<group>"; };
		4F2E859F24716C38003A2562 /* FolderNameTableViewCell.swift */ = {isa = PBXFileReference; lastKnownFileType = sourcecode.swift; path = FolderNameTableViewCell.swift; sourceTree = "<group>"; };
		4F2E85A524717355003A2562 /* DocumentTextTableViewCell.swift */ = {isa = PBXFileReference; lastKnownFileType = sourcecode.swift; path = DocumentTextTableViewCell.swift; sourceTree = "<group>"; };
		4F2E85A8247173C0003A2562 /* Definitions.swift */ = {isa = PBXFileReference; lastKnownFileType = sourcecode.swift; path = Definitions.swift; sourceTree = "<group>"; };
		4F2E85AA24717ED4003A2562 /* DocumentTextView.swift */ = {isa = PBXFileReference; lastKnownFileType = sourcecode.swift; path = DocumentTextView.swift; sourceTree = "<group>"; };
		4F2E85AC24717FB6003A2562 /* DocumentTextViewModel.swift */ = {isa = PBXFileReference; lastKnownFileType = sourcecode.swift; path = DocumentTextViewModel.swift; sourceTree = "<group>"; };
		4F31A25E247B1AA500EB9374 /* FileImageView.swift */ = {isa = PBXFileReference; lastKnownFileType = sourcecode.swift; path = FileImageView.swift; sourceTree = "<group>"; };
		4F31A260247B238500EB9374 /* FilePreviewCollectionViewCell.swift */ = {isa = PBXFileReference; lastKnownFileType = sourcecode.swift; path = FilePreviewCollectionViewCell.swift; sourceTree = "<group>"; };
		4F31A262247BFC1D00EB9374 /* DocumentFilesViewModel.swift */ = {isa = PBXFileReference; lastKnownFileType = sourcecode.swift; path = DocumentFilesViewModel.swift; sourceTree = "<group>"; };
		4F31A264247C0BE800EB9374 /* DocumentFilesView.swift */ = {isa = PBXFileReference; lastKnownFileType = sourcecode.swift; path = DocumentFilesView.swift; sourceTree = "<group>"; };
		4F31A267247C1D1400EB9374 /* FolderViewController.swift */ = {isa = PBXFileReference; lastKnownFileType = sourcecode.swift; path = FolderViewController.swift; sourceTree = "<group>"; };
		4F31A269247C1D3000EB9374 /* FolderViewModel.swift */ = {isa = PBXFileReference; lastKnownFileType = sourcecode.swift; path = FolderViewModel.swift; sourceTree = "<group>"; };
		4F31A26D247C1EDD00EB9374 /* DocumentImagesPageViewController.swift */ = {isa = PBXFileReference; lastKnownFileType = sourcecode.swift; path = DocumentImagesPageViewController.swift; sourceTree = "<group>"; };
		4F31A26F247C1F0400EB9374 /* DocumentImagesPageViewModel.swift */ = {isa = PBXFileReference; lastKnownFileType = sourcecode.swift; path = DocumentImagesPageViewModel.swift; sourceTree = "<group>"; };
		4F31A271247C1F1E00EB9374 /* ImagePreviewViewController.swift */ = {isa = PBXFileReference; lastKnownFileType = sourcecode.swift; path = ImagePreviewViewController.swift; sourceTree = "<group>"; };
		4F31A273247C1FF600EB9374 /* DocumentViewController.swift */ = {isa = PBXFileReference; lastKnownFileType = sourcecode.swift; path = DocumentViewController.swift; sourceTree = "<group>"; };
		4F31A276247C200D00EB9374 /* ChangePasswordViewController.swift */ = {isa = PBXFileReference; lastKnownFileType = sourcecode.swift; path = ChangePasswordViewController.swift; sourceTree = "<group>"; };
		4F31A279247C202B00EB9374 /* AboutViewController.swift */ = {isa = PBXFileReference; lastKnownFileType = sourcecode.swift; path = AboutViewController.swift; sourceTree = "<group>"; };
		4F31A27B247C203A00EB9374 /* ChangePasswordViewModel.swift */ = {isa = PBXFileReference; lastKnownFileType = sourcecode.swift; path = ChangePasswordViewModel.swift; sourceTree = "<group>"; };
		4F31A27D247C204C00EB9374 /* DocumentViewModel.swift */ = {isa = PBXFileReference; lastKnownFileType = sourcecode.swift; path = DocumentViewModel.swift; sourceTree = "<group>"; };
		4F992A1C246DB1AC00DD90C2 /* Dokie.app */ = {isa = PBXFileReference; explicitFileType = wrapper.application; includeInIndex = 0; path = Dokie.app; sourceTree = BUILT_PRODUCTS_DIR; };
		4F992A1F246DB1AC00DD90C2 /* AppDelegate.swift */ = {isa = PBXFileReference; lastKnownFileType = sourcecode.swift; path = AppDelegate.swift; sourceTree = "<group>"; };
		4F992A29246DB1AC00DD90C2 /* Dokie.xcdatamodel */ = {isa = PBXFileReference; lastKnownFileType = wrapper.xcdatamodel; path = Dokie.xcdatamodel; sourceTree = "<group>"; };
		4F992A2E246DB1AD00DD90C2 /* Base */ = {isa = PBXFileReference; lastKnownFileType = file.storyboard; name = Base; path = Base.lproj/LaunchScreen.storyboard; sourceTree = "<group>"; };
		4F992A30246DB1AD00DD90C2 /* Info.plist */ = {isa = PBXFileReference; lastKnownFileType = text.plist.xml; path = Info.plist; sourceTree = "<group>"; };
		4F992A35246DB1AD00DD90C2 /* DokieTests.xctest */ = {isa = PBXFileReference; explicitFileType = wrapper.cfbundle; includeInIndex = 0; path = DokieTests.xctest; sourceTree = BUILT_PRODUCTS_DIR; };
		4F992A39246DB1AD00DD90C2 /* DokieTests.swift */ = {isa = PBXFileReference; lastKnownFileType = sourcecode.swift; path = DokieTests.swift; sourceTree = "<group>"; };
		4F992A3B246DB1AD00DD90C2 /* Info.plist */ = {isa = PBXFileReference; lastKnownFileType = text.plist.xml; path = Info.plist; sourceTree = "<group>"; };
		4F992A45246DB2B500DD90C2 /* AppIcon.xcassets */ = {isa = PBXFileReference; lastKnownFileType = folder.assetcatalog; path = AppIcon.xcassets; sourceTree = "<group>"; };
		4F992A48246DB2C700DD90C2 /* Assets.xcassets */ = {isa = PBXFileReference; lastKnownFileType = folder.assetcatalog; path = Assets.xcassets; sourceTree = "<group>"; };
		4F992A4D246DB33700DD90C2 /* en */ = {isa = PBXFileReference; lastKnownFileType = text.plist.strings; name = en; path = en.lproj/Localizable.strings; sourceTree = "<group>"; };
		4F992A50246DB37B00DD90C2 /* ru */ = {isa = PBXFileReference; lastKnownFileType = text.plist.strings; name = ru; path = ru.lproj/LaunchScreen.strings; sourceTree = "<group>"; };
		4F992A51246DB37B00DD90C2 /* ru */ = {isa = PBXFileReference; lastKnownFileType = text.plist.strings; name = ru; path = ru.lproj/Localizable.strings; sourceTree = "<group>"; };
		4F992A55246DB3C200DD90C2 /* en */ = {isa = PBXFileReference; lastKnownFileType = text.plist.strings; name = en; path = en.lproj/InfoPlist.strings; sourceTree = "<group>"; };
		4F992A57246DB3C300DD90C2 /* ru */ = {isa = PBXFileReference; lastKnownFileType = text.plist.strings; name = ru; path = ru.lproj/InfoPlist.strings; sourceTree = "<group>"; };
		4F992A59246DB40E00DD90C2 /* en */ = {isa = PBXFileReference; lastKnownFileType = text.plist.strings; name = en; path = en.lproj/LaunchScreen.strings; sourceTree = "<group>"; };
		4F992A5B246DBEB700DD90C2 /* NavigationRouter.swift */ = {isa = PBXFileReference; lastKnownFileType = sourcecode.swift; path = NavigationRouter.swift; sourceTree = "<group>"; };
		4F992A62246DC0D400DD90C2 /* LoginViewController.swift */ = {isa = PBXFileReference; lastKnownFileType = sourcecode.swift; path = LoginViewController.swift; sourceTree = "<group>"; };
		4F992A64246DC10800DD90C2 /* BaseViewController.swift */ = {isa = PBXFileReference; lastKnownFileType = sourcecode.swift; path = BaseViewController.swift; sourceTree = "<group>"; };
		4F992A68246DC20A00DD90C2 /* Appearance.swift */ = {isa = PBXFileReference; lastKnownFileType = sourcecode.swift; path = Appearance.swift; sourceTree = "<group>"; };
		4F992A6A246DC5E800DD90C2 /* LoginViewModel.swift */ = {isa = PBXFileReference; lastKnownFileType = sourcecode.swift; path = LoginViewModel.swift; sourceTree = "<group>"; };
		4F992A6D246DD0CF00DD90C2 /* LocalAuth.swift */ = {isa = PBXFileReference; lastKnownFileType = sourcecode.swift; path = LocalAuth.swift; sourceTree = "<group>"; };
		4F992A71246E907C00DD90C2 /* Constants.swift */ = {isa = PBXFileReference; lastKnownFileType = sourcecode.swift; path = Constants.swift; sourceTree = "<group>"; };
		BDAFE720AF7FE5541763B101 /* Pods-Dokie.release.xcconfig */ = {isa = PBXFileReference; includeInIndex = 1; lastKnownFileType = text.xcconfig; name = "Pods-Dokie.release.xcconfig"; path = "Target Support Files/Pods-Dokie/Pods-Dokie.release.xcconfig"; sourceTree = "<group>"; };
		C6F2CDF93B455F06D1D2B02A /* Pods_Dokie.framework */ = {isa = PBXFileReference; explicitFileType = wrapper.framework; includeInIndex = 0; path = Pods_Dokie.framework; sourceTree = BUILT_PRODUCTS_DIR; };
		FF162D045588984DEF108A5E /* Pods-Dokie.debug.xcconfig */ = {isa = PBXFileReference; includeInIndex = 1; lastKnownFileType = text.xcconfig; name = "Pods-Dokie.debug.xcconfig"; path = "Target Support Files/Pods-Dokie/Pods-Dokie.debug.xcconfig"; sourceTree = "<group>"; };
/* End PBXFileReference section */

/* Begin PBXFrameworksBuildPhase section */
		4F992A19246DB1AC00DD90C2 /* Frameworks */ = {
			isa = PBXFrameworksBuildPhase;
			buildActionMask = 2147483647;
			files = (
				0C5B9148301D7C16C7010ECE /* Pods_Dokie.framework in Frameworks */,
			);
			runOnlyForDeploymentPostprocessing = 0;
		};
		4F992A32246DB1AD00DD90C2 /* Frameworks */ = {
			isa = PBXFrameworksBuildPhase;
			buildActionMask = 2147483647;
			files = (
			);
			runOnlyForDeploymentPostprocessing = 0;
		};
/* End PBXFrameworksBuildPhase section */

/* Begin PBXGroup section */
		206686C97B912B1EDAF9DBD1 /* Frameworks */ = {
			isa = PBXGroup;
			children = (
				C6F2CDF93B455F06D1D2B02A /* Pods_Dokie.framework */,
			);
			name = Frameworks;
			sourceTree = "<group>";
		};
		4F0000AC246EFEEA0017A008 /* Extensions */ = {
			isa = PBXGroup;
			children = (
				4F0000AD246EFEF70017A008 /* String+Dokie.swift */,
				4F27A50C2489898700822D48 /* UIEdgeInsets+Dokie.swift */,
			);
			path = Extensions;
			sourceTree = "<group>";
		};
		4F0000AF246F07950017A008 /* CoreData */ = {
			isa = PBXGroup;
			children = (
				4F0000BB246FE69F0017A008 /* Objects */,
				4F0000B0246F07A20017A008 /* Manager */,
			);
			path = CoreData;
			sourceTree = "<group>";
		};
		4F0000B0246F07A20017A008 /* Manager */ = {
			isa = PBXGroup;
			children = (
				4F0000B1246F3E800017A008 /* CoreDataScheduler.swift */,
				4F0000B3246F40290017A008 /* CoreDataManager.swift */,
			);
			path = Manager;
			sourceTree = "<group>";
		};
		4F0000B5246FD82C0017A008 /* EncryptionManager */ = {
			isa = PBXGroup;
			children = (
				4F0000B6246FD8320017A008 /* EncryptionManager.swift */,
				4F27A4FA2483F29200822D48 /* AES.swift */,
				4F27A4FD2484377D00822D48 /* Crypto.h */,
				4F27A4FE2484377D00822D48 /* Crypto.m */,
			);
			path = EncryptionManager;
			sourceTree = "<group>";
		};
		4F0000B8246FDDBB0017A008 /* Error */ = {
			isa = PBXGroup;
			children = (
				4F0000B9246FDDC40017A008 /* Error.swift */,
			);
			path = Error;
			sourceTree = "<group>";
		};
		4F0000BB246FE69F0017A008 /* Objects */ = {
			isa = PBXGroup;
			children = (
				4F0000BC246FE6AE0017A008 /* CDChecksum.swift */,
				4F0000BE246FE7390017A008 /* CDContent.swift */,
				4F0000C0246FEC8A0017A008 /* CDFile.swift */,
				4F0000C4246FECD40017A008 /* CDFolder.swift */,
				4F0000C6246FED5B0017A008 /* CDDocument.swift */,
				4F0000C8246FEDEB0017A008 /* CDVersion.swift */,
				4F0000CA246FEE1C0017A008 /* CDTag.swift */,
			);
			path = Objects;
			sourceTree = "<group>";
		};
		4F0000CC247126EB0017A008 /* Views */ = {
			isa = PBXGroup;
			children = (
				4F0000CE247126FE0017A008 /* TableView */,
				4F0000CD247126F60017A008 /* DocumentView */,
			);
			path = Views;
			sourceTree = "<group>";
		};
		4F0000CD247126F60017A008 /* DocumentView */ = {
			isa = PBXGroup;
			children = (
				4F2E85A324717321003A2562 /* Text */,
				4F2E85A22471731B003A2562 /* Files */,
				4F2E85A124717311003A2562 /* Tags */,
			);
			path = DocumentView;
			sourceTree = "<group>";
		};
		4F0000CE247126FE0017A008 /* TableView */ = {
			isa = PBXGroup;
			children = (
				4F0000CF2471270F0017A008 /* Cells */,
			);
			path = TableView;
			sourceTree = "<group>";
		};
		4F0000CF2471270F0017A008 /* Cells */ = {
			isa = PBXGroup;
			children = (
				4F0000D0247127180017A008 /* FileNameTableViewCell.swift */,
				4F2E859F24716C38003A2562 /* FolderNameTableViewCell.swift */,
			);
			path = Cells;
			sourceTree = "<group>";
		};
		4F0000D224712C130017A008 /* UI */ = {
			isa = PBXGroup;
			children = (
				4F0000D324712C230017A008 /* UI.swift */,
				4F992A68246DC20A00DD90C2 /* Appearance.swift */,
			);
			path = UI;
			sourceTree = "<group>";
		};
		4F01ECF824968AAC00CA624C /* ImagesManager */ = {
			isa = PBXGroup;
			children = (
				4F01ECF924968ABC00CA624C /* ImagesManager.swift */,
			);
			path = ImagesManager;
			sourceTree = "<group>";
		};
		4F2E85A124717311003A2562 /* Tags */ = {
			isa = PBXGroup;
			children = (
				4F27A5002486D1C300822D48 /* TagsScrollView.swift */,
				4F27A5042486F63C00822D48 /* TagsScrollViewModel.swift */,
				4F27A5022486D1DC00822D48 /* TagView.swift */,
				4F27A5062486F78800822D48 /* TagViewModel.swift */,
			);
			path = Tags;
			sourceTree = "<group>";
		};
		4F2E85A22471731B003A2562 /* Files */ = {
			isa = PBXGroup;
			children = (
				4F31A25D247B1A8E00EB9374 /* ImageView */,
				4F31A25C247B1A4400EB9374 /* Cells */,
				4F31A264247C0BE800EB9374 /* DocumentFilesView.swift */,
				4F31A262247BFC1D00EB9374 /* DocumentFilesViewModel.swift */,
			);
			path = Files;
			sourceTree = "<group>";
		};
		4F2E85A324717321003A2562 /* Text */ = {
			isa = PBXGroup;
			children = (
				4F2E85A424717348003A2562 /* Cells */,
				4F2E85AA24717ED4003A2562 /* DocumentTextView.swift */,
				4F2E85AC24717FB6003A2562 /* DocumentTextViewModel.swift */,
			);
			path = Text;
			sourceTree = "<group>";
		};
		4F2E85A424717348003A2562 /* Cells */ = {
			isa = PBXGroup;
			children = (
				4F2E85A524717355003A2562 /* DocumentTextTableViewCell.swift */,
			);
			path = Cells;
			sourceTree = "<group>";
		};
		4F31A25C247B1A4400EB9374 /* Cells */ = {
			isa = PBXGroup;
			children = (
				4F31A260247B238500EB9374 /* FilePreviewCollectionViewCell.swift */,
			);
			path = Cells;
			sourceTree = "<group>";
		};
		4F31A25D247B1A8E00EB9374 /* ImageView */ = {
			isa = PBXGroup;
			children = (
				4F31A25E247B1AA500EB9374 /* FileImageView.swift */,
			);
			path = ImageView;
			sourceTree = "<group>";
		};
		4F31A266247C1CFA00EB9374 /* Folder */ = {
			isa = PBXGroup;
			children = (
				4F31A267247C1D1400EB9374 /* FolderViewController.swift */,
				4F31A269247C1D3000EB9374 /* FolderViewModel.swift */,
			);
			path = Folder;
			sourceTree = "<group>";
		};
		4F31A26B247C1EC300EB9374 /* Document */ = {
			isa = PBXGroup;
			children = (
				4F31A26C247C1ECD00EB9374 /* ImagesPageView */,
				4F31A273247C1FF600EB9374 /* DocumentViewController.swift */,
				4F31A27D247C204C00EB9374 /* DocumentViewModel.swift */,
			);
			path = Document;
			sourceTree = "<group>";
		};
		4F31A26C247C1ECD00EB9374 /* ImagesPageView */ = {
			isa = PBXGroup;
			children = (
				4F31A26D247C1EDD00EB9374 /* DocumentImagesPageViewController.swift */,
				4F31A26F247C1F0400EB9374 /* DocumentImagesPageViewModel.swift */,
				4F31A271247C1F1E00EB9374 /* ImagePreviewViewController.swift */,
			);
			path = ImagesPageView;
			sourceTree = "<group>";
		};
		4F31A275247C200300EB9374 /* ChangePassword */ = {
			isa = PBXGroup;
			children = (
				4F31A276247C200D00EB9374 /* ChangePasswordViewController.swift */,
				4F31A27B247C203A00EB9374 /* ChangePasswordViewModel.swift */,
			);
			path = ChangePassword;
			sourceTree = "<group>";
		};
		4F31A278247C202100EB9374 /* About */ = {
			isa = PBXGroup;
			children = (
				4F31A279247C202B00EB9374 /* AboutViewController.swift */,
			);
			path = About;
			sourceTree = "<group>";
		};
		4F992A13246DB1AC00DD90C2 = {
			isa = PBXGroup;
			children = (
				4F992A66246DC1F500DD90C2 /* Classes */,
				4F992A1E246DB1AC00DD90C2 /* Dokie */,
				4F992A38246DB1AD00DD90C2 /* DokieTests */,
				4F992A1D246DB1AC00DD90C2 /* Products */,
				A72ED9DBA1D8908BFB5039B5 /* Pods */,
				206686C97B912B1EDAF9DBD1 /* Frameworks */,
			);
			sourceTree = "<group>";
		};
		4F992A1D246DB1AC00DD90C2 /* Products */ = {
			isa = PBXGroup;
			children = (
				4F992A1C246DB1AC00DD90C2 /* Dokie.app */,
				4F992A35246DB1AD00DD90C2 /* DokieTests.xctest */,
			);
			name = Products;
			sourceTree = "<group>";
		};
		4F992A1E246DB1AC00DD90C2 /* Dokie */ = {
			isa = PBXGroup;
			children = (
				4F992A5A246DBE9F00DD90C2 /* Navigatoin */,
				4F992A5D246DC04B00DD90C2 /* ViewControllers */,
				4F992A1F246DB1AC00DD90C2 /* AppDelegate.swift */,
				4F27A4FC2484377C00822D48 /* Dokie-Bridging-Header.h */,
				4F992A45246DB2B500DD90C2 /* AppIcon.xcassets */,
				4F992A48246DB2C700DD90C2 /* Assets.xcassets */,
				4F992A2D246DB1AD00DD90C2 /* LaunchScreen.storyboard */,
				4F992A30246DB1AD00DD90C2 /* Info.plist */,
				4F992A56246DB3C200DD90C2 /* InfoPlist.strings */,
				4F992A28246DB1AC00DD90C2 /* Dokie.xcdatamodeld */,
				4F992A4E246DB33700DD90C2 /* Localizable.strings */,
			);
			path = Dokie;
			sourceTree = "<group>";
		};
		4F992A38246DB1AD00DD90C2 /* DokieTests */ = {
			isa = PBXGroup;
			children = (
				4F992A39246DB1AD00DD90C2 /* DokieTests.swift */,
				4F992A3B246DB1AD00DD90C2 /* Info.plist */,
			);
			path = DokieTests;
			sourceTree = "<group>";
		};
		4F992A5A246DBE9F00DD90C2 /* Navigatoin */ = {
			isa = PBXGroup;
			children = (
				4F992A5B246DBEB700DD90C2 /* NavigationRouter.swift */,
			);
			path = Navigatoin;
			sourceTree = "<group>";
		};
		4F992A5D246DC04B00DD90C2 /* ViewControllers */ = {
			isa = PBXGroup;
			children = (
				4F31A278247C202100EB9374 /* About */,
				4F31A275247C200300EB9374 /* ChangePassword */,
				4F31A26B247C1EC300EB9374 /* Document */,
				4F31A266247C1CFA00EB9374 /* Folder */,
				4F992A61246DC0C400DD90C2 /* Login */,
				4F992A5E246DC06600DD90C2 /* Base */,
			);
			path = ViewControllers;
			sourceTree = "<group>";
		};
		4F992A5E246DC06600DD90C2 /* Base */ = {
			isa = PBXGroup;
			children = (
				4F992A64246DC10800DD90C2 /* BaseViewController.swift */,
			);
			path = Base;
			sourceTree = "<group>";
		};
		4F992A61246DC0C400DD90C2 /* Login */ = {
			isa = PBXGroup;
			children = (
				4F992A62246DC0D400DD90C2 /* LoginViewController.swift */,
				4F992A6A246DC5E800DD90C2 /* LoginViewModel.swift */,
			);
			path = Login;
			sourceTree = "<group>";
		};
		4F992A66246DC1F500DD90C2 /* Classes */ = {
			isa = PBXGroup;
			children = (
				4F01ECF824968AAC00CA624C /* ImagesManager */,
				4F0000D224712C130017A008 /* UI */,
				4F0000CC247126EB0017A008 /* Views */,
				4F0000B8246FDDBB0017A008 /* Error */,
				4F0000B5246FD82C0017A008 /* EncryptionManager */,
				4F0000AF246F07950017A008 /* CoreData */,
				4F0000AC246EFEEA0017A008 /* Extensions */,
				4F992A6F246E901800DD90C2 /* Constants */,
				4F992A6C246DD0C600DD90C2 /* LocalAuth */,
			);
			path = Classes;
			sourceTree = "<group>";
		};
		4F992A6C246DD0C600DD90C2 /* LocalAuth */ = {
			isa = PBXGroup;
			children = (
				4F992A6D246DD0CF00DD90C2 /* LocalAuth.swift */,
			);
			path = LocalAuth;
			sourceTree = "<group>";
		};
		4F992A6F246E901800DD90C2 /* Constants */ = {
			isa = PBXGroup;
			children = (
				4F992A71246E907C00DD90C2 /* Constants.swift */,
				4F2E85A8247173C0003A2562 /* Definitions.swift */,
			);
			path = Constants;
			sourceTree = "<group>";
		};
		A72ED9DBA1D8908BFB5039B5 /* Pods */ = {
			isa = PBXGroup;
			children = (
				FF162D045588984DEF108A5E /* Pods-Dokie.debug.xcconfig */,
				BDAFE720AF7FE5541763B101 /* Pods-Dokie.release.xcconfig */,
			);
			path = Pods;
			sourceTree = "<group>";
		};
/* End PBXGroup section */

/* Begin PBXNativeTarget section */
		4F992A1B246DB1AC00DD90C2 /* Dokie */ = {
			isa = PBXNativeTarget;
			buildConfigurationList = 4F992A3E246DB1AD00DD90C2 /* Build configuration list for PBXNativeTarget "Dokie" */;
			buildPhases = (
				134F6CC2D255DA931DE860E2 /* [CP] Check Pods Manifest.lock */,
				4F992A18246DB1AC00DD90C2 /* Sources */,
				4F992A19246DB1AC00DD90C2 /* Frameworks */,
				4F992A1A246DB1AC00DD90C2 /* Resources */,
				BE03635FDCFBDDFACD5062E2 /* [CP] Embed Pods Frameworks */,
			);
			buildRules = (
			);
			dependencies = (
			);
			name = Dokie;
			productName = Dokie;
			productReference = 4F992A1C246DB1AC00DD90C2 /* Dokie.app */;
			productType = "com.apple.product-type.application";
		};
		4F992A34246DB1AD00DD90C2 /* DokieTests */ = {
			isa = PBXNativeTarget;
			buildConfigurationList = 4F992A41246DB1AD00DD90C2 /* Build configuration list for PBXNativeTarget "DokieTests" */;
			buildPhases = (
				4F992A31246DB1AD00DD90C2 /* Sources */,
				4F992A32246DB1AD00DD90C2 /* Frameworks */,
				4F992A33246DB1AD00DD90C2 /* Resources */,
			);
			buildRules = (
			);
			dependencies = (
				4F992A37246DB1AD00DD90C2 /* PBXTargetDependency */,
			);
			name = DokieTests;
			productName = DokieTests;
			productReference = 4F992A35246DB1AD00DD90C2 /* DokieTests.xctest */;
			productType = "com.apple.product-type.bundle.unit-test";
		};
/* End PBXNativeTarget section */

/* Begin PBXProject section */
		4F992A14246DB1AC00DD90C2 /* Project object */ = {
			isa = PBXProject;
			attributes = {
				LastSwiftUpdateCheck = 1140;
				LastUpgradeCheck = 1140;
				ORGANIZATIONNAME = "Ashamaz Shidov";
				TargetAttributes = {
					4F992A1B246DB1AC00DD90C2 = {
						CreatedOnToolsVersion = 11.4.1;
						LastSwiftMigration = 1150;
					};
					4F992A34246DB1AD00DD90C2 = {
						CreatedOnToolsVersion = 11.4.1;
						TestTargetID = 4F992A1B246DB1AC00DD90C2;
					};
				};
			};
			buildConfigurationList = 4F992A17246DB1AC00DD90C2 /* Build configuration list for PBXProject "Dokie" */;
			compatibilityVersion = "Xcode 9.3";
			developmentRegion = en;
			hasScannedForEncodings = 0;
			knownRegions = (
				en,
				Base,
				ru,
			);
			mainGroup = 4F992A13246DB1AC00DD90C2;
			productRefGroup = 4F992A1D246DB1AC00DD90C2 /* Products */;
			projectDirPath = "";
			projectRoot = "";
			targets = (
				4F992A1B246DB1AC00DD90C2 /* Dokie */,
				4F992A34246DB1AD00DD90C2 /* DokieTests */,
			);
		};
/* End PBXProject section */

/* Begin PBXResourcesBuildPhase section */
		4F992A1A246DB1AC00DD90C2 /* Resources */ = {
			isa = PBXResourcesBuildPhase;
			buildActionMask = 2147483647;
			files = (
				4F992A4C246DB33700DD90C2 /* Localizable.strings in Resources */,
				4F992A54246DB3C200DD90C2 /* InfoPlist.strings in Resources */,
				4F992A47246DB2B500DD90C2 /* AppIcon.xcassets in Resources */,
				4F992A2F246DB1AD00DD90C2 /* LaunchScreen.storyboard in Resources */,
				4F992A49246DB2C700DD90C2 /* Assets.xcassets in Resources */,
			);
			runOnlyForDeploymentPostprocessing = 0;
		};
		4F992A33246DB1AD00DD90C2 /* Resources */ = {
			isa = PBXResourcesBuildPhase;
			buildActionMask = 2147483647;
			files = (
			);
			runOnlyForDeploymentPostprocessing = 0;
		};
/* End PBXResourcesBuildPhase section */

/* Begin PBXShellScriptBuildPhase section */
		134F6CC2D255DA931DE860E2 /* [CP] Check Pods Manifest.lock */ = {
			isa = PBXShellScriptBuildPhase;
			buildActionMask = 2147483647;
			files = (
			);
			inputFileListPaths = (
			);
			inputPaths = (
				"${PODS_PODFILE_DIR_PATH}/Podfile.lock",
				"${PODS_ROOT}/Manifest.lock",
			);
			name = "[CP] Check Pods Manifest.lock";
			outputFileListPaths = (
			);
			outputPaths = (
				"$(DERIVED_FILE_DIR)/Pods-Dokie-checkManifestLockResult.txt",
			);
			runOnlyForDeploymentPostprocessing = 0;
			shellPath = /bin/sh;
			shellScript = "diff \"${PODS_PODFILE_DIR_PATH}/Podfile.lock\" \"${PODS_ROOT}/Manifest.lock\" > /dev/null\nif [ $? != 0 ] ; then\n    # print error to STDERR\n    echo \"error: The sandbox is not in sync with the Podfile.lock. Run 'pod install' or update your CocoaPods installation.\" >&2\n    exit 1\nfi\n# This output is used by Xcode 'outputs' to avoid re-running this script phase.\necho \"SUCCESS\" > \"${SCRIPT_OUTPUT_FILE_0}\"\n";
			showEnvVarsInLog = 0;
		};
		BE03635FDCFBDDFACD5062E2 /* [CP] Embed Pods Frameworks */ = {
			isa = PBXShellScriptBuildPhase;
			buildActionMask = 2147483647;
			files = (
			);
			inputFileListPaths = (
				"${PODS_ROOT}/Target Support Files/Pods-Dokie/Pods-Dokie-frameworks-${CONFIGURATION}-input-files.xcfilelist",
			);
			name = "[CP] Embed Pods Frameworks";
			outputFileListPaths = (
				"${PODS_ROOT}/Target Support Files/Pods-Dokie/Pods-Dokie-frameworks-${CONFIGURATION}-output-files.xcfilelist",
			);
			runOnlyForDeploymentPostprocessing = 0;
			shellPath = /bin/sh;
			shellScript = "\"${PODS_ROOT}/Target Support Files/Pods-Dokie/Pods-Dokie-frameworks.sh\"\n";
			showEnvVarsInLog = 0;
		};
/* End PBXShellScriptBuildPhase section */

/* Begin PBXSourcesBuildPhase section */
		4F992A18246DB1AC00DD90C2 /* Sources */ = {
			isa = PBXSourcesBuildPhase;
			buildActionMask = 2147483647;
			files = (
				4F992A63246DC0D400DD90C2 /* LoginViewController.swift in Sources */,
				4F2E85A9247173C0003A2562 /* Definitions.swift in Sources */,
				4F0000AE246EFEF70017A008 /* String+Dokie.swift in Sources */,
				4F0000B7246FD8320017A008 /* EncryptionManager.swift in Sources */,
				4F992A20246DB1AC00DD90C2 /* AppDelegate.swift in Sources */,
				4F27A5072486F78800822D48 /* TagViewModel.swift in Sources */,
				4F992A6E246DD0CF00DD90C2 /* LocalAuth.swift in Sources */,
				4F27A50D2489898700822D48 /* UIEdgeInsets+Dokie.swift in Sources */,
				4F31A268247C1D1400EB9374 /* FolderViewController.swift in Sources */,
				4F0000C7246FED5B0017A008 /* CDDocument.swift in Sources */,
				4F0000C5246FECD40017A008 /* CDFolder.swift in Sources */,
				4F2E85AB24717ED4003A2562 /* DocumentTextView.swift in Sources */,
				4F31A272247C1F1E00EB9374 /* ImagePreviewViewController.swift in Sources */,
				4F27A4FB2483F29200822D48 /* AES.swift in Sources */,
				4F31A26E247C1EDD00EB9374 /* DocumentImagesPageViewController.swift in Sources */,
				4F0000BF246FE7390017A008 /* CDContent.swift in Sources */,
				4F0000BD246FE6AE0017A008 /* CDChecksum.swift in Sources */,
				4F0000B2246F3E800017A008 /* CoreDataScheduler.swift in Sources */,
				4F31A25F247B1AA500EB9374 /* FileImageView.swift in Sources */,
				4F992A2A246DB1AC00DD90C2 /* Dokie.xcdatamodeld in Sources */,
				4F0000C1246FEC8A0017A008 /* CDFile.swift in Sources */,
				4F31A270247C1F0400EB9374 /* DocumentImagesPageViewModel.swift in Sources */,
				4F0000B4246F40290017A008 /* CoreDataManager.swift in Sources */,
				4F31A274247C1FF600EB9374 /* DocumentViewController.swift in Sources */,
				4F992A72246E907C00DD90C2 /* Constants.swift in Sources */,
				4F2E85A624717355003A2562 /* DocumentTextTableViewCell.swift in Sources */,
				4F31A27E247C204C00EB9374 /* DocumentViewModel.swift in Sources */,
				4F0000CB246FEE1C0017A008 /* CDTag.swift in Sources */,
				4F27A5052486F63C00822D48 /* TagsScrollViewModel.swift in Sources */,
				4F31A27C247C203A00EB9374 /* ChangePasswordViewModel.swift in Sources */,
				4F01ECFA24968ABC00CA624C /* ImagesManager.swift in Sources */,
				4F31A261247B238500EB9374 /* FilePreviewCollectionViewCell.swift in Sources */,
				4F31A265247C0BE800EB9374 /* DocumentFilesView.swift in Sources */,
				4F31A263247BFC1D00EB9374 /* DocumentFilesViewModel.swift in Sources */,
				4F2E85A024716C38003A2562 /* FolderNameTableViewCell.swift in Sources */,
				4F27A5032486D1DC00822D48 /* TagView.swift in Sources */,
				4F992A6B246DC5E800DD90C2 /* LoginViewModel.swift in Sources */,
				4F31A26A247C1D3000EB9374 /* FolderViewModel.swift in Sources */,
				4F27A4FF2484377D00822D48 /* Crypto.m in Sources */,
				4F0000D424712C230017A008 /* UI.swift in Sources */,
				4F0000D1247127180017A008 /* FileNameTableViewCell.swift in Sources */,
				4F31A277247C200D00EB9374 /* ChangePasswordViewController.swift in Sources */,
				4F31A27A247C202B00EB9374 /* AboutViewController.swift in Sources */,
				4F0000C9246FEDEB0017A008 /* CDVersion.swift in Sources */,
				4F992A69246DC20A00DD90C2 /* Appearance.swift in Sources */,
				4F992A5C246DBEB700DD90C2 /* NavigationRouter.swift in Sources */,
				4F27A5012486D1C300822D48 /* TagsScrollView.swift in Sources */,
				4F0000BA246FDDC40017A008 /* Error.swift in Sources */,
				4F992A65246DC10800DD90C2 /* BaseViewController.swift in Sources */,
				4F2E85AD24717FB6003A2562 /* DocumentTextViewModel.swift in Sources */,
			);
			runOnlyForDeploymentPostprocessing = 0;
		};
		4F992A31246DB1AD00DD90C2 /* Sources */ = {
			isa = PBXSourcesBuildPhase;
			buildActionMask = 2147483647;
			files = (
				4F992A3A246DB1AD00DD90C2 /* DokieTests.swift in Sources */,
			);
			runOnlyForDeploymentPostprocessing = 0;
		};
/* End PBXSourcesBuildPhase section */

/* Begin PBXTargetDependency section */
		4F992A37246DB1AD00DD90C2 /* PBXTargetDependency */ = {
			isa = PBXTargetDependency;
			target = 4F992A1B246DB1AC00DD90C2 /* Dokie */;
			targetProxy = 4F992A36246DB1AD00DD90C2 /* PBXContainerItemProxy */;
		};
/* End PBXTargetDependency section */

/* Begin PBXVariantGroup section */
		4F992A2D246DB1AD00DD90C2 /* LaunchScreen.storyboard */ = {
			isa = PBXVariantGroup;
			children = (
				4F992A2E246DB1AD00DD90C2 /* Base */,
				4F992A50246DB37B00DD90C2 /* ru */,
				4F992A59246DB40E00DD90C2 /* en */,
			);
			name = LaunchScreen.storyboard;
			sourceTree = "<group>";
		};
		4F992A4E246DB33700DD90C2 /* Localizable.strings */ = {
			isa = PBXVariantGroup;
			children = (
				4F992A4D246DB33700DD90C2 /* en */,
				4F992A51246DB37B00DD90C2 /* ru */,
			);
			name = Localizable.strings;
			sourceTree = "<group>";
		};
		4F992A56246DB3C200DD90C2 /* InfoPlist.strings */ = {
			isa = PBXVariantGroup;
			children = (
				4F992A55246DB3C200DD90C2 /* en */,
				4F992A57246DB3C300DD90C2 /* ru */,
			);
			name = InfoPlist.strings;
			sourceTree = "<group>";
		};
/* End PBXVariantGroup section */

/* Begin XCBuildConfiguration section */
		4F992A3C246DB1AD00DD90C2 /* Debug */ = {
			isa = XCBuildConfiguration;
			buildSettings = {
				ALWAYS_SEARCH_USER_PATHS = NO;
				CLANG_ANALYZER_LOCALIZABILITY_NONLOCALIZED = YES;
				CLANG_ANALYZER_NONNULL = YES;
				CLANG_ANALYZER_NUMBER_OBJECT_CONVERSION = YES_AGGRESSIVE;
				CLANG_CXX_LANGUAGE_STANDARD = "gnu++14";
				CLANG_CXX_LIBRARY = "libc++";
				CLANG_ENABLE_MODULES = YES;
				CLANG_ENABLE_OBJC_ARC = YES;
				CLANG_ENABLE_OBJC_WEAK = YES;
				CLANG_WARN_BLOCK_CAPTURE_AUTORELEASING = YES;
				CLANG_WARN_BOOL_CONVERSION = YES;
				CLANG_WARN_COMMA = YES;
				CLANG_WARN_CONSTANT_CONVERSION = YES;
				CLANG_WARN_DEPRECATED_OBJC_IMPLEMENTATIONS = YES;
				CLANG_WARN_DIRECT_OBJC_ISA_USAGE = YES_ERROR;
				CLANG_WARN_DOCUMENTATION_COMMENTS = YES;
				CLANG_WARN_EMPTY_BODY = YES;
				CLANG_WARN_ENUM_CONVERSION = YES;
				CLANG_WARN_INFINITE_RECURSION = YES;
				CLANG_WARN_INT_CONVERSION = YES;
				CLANG_WARN_NON_LITERAL_NULL_CONVERSION = YES;
				CLANG_WARN_OBJC_IMPLICIT_RETAIN_SELF = YES;
				CLANG_WARN_OBJC_LITERAL_CONVERSION = YES;
				CLANG_WARN_OBJC_ROOT_CLASS = YES_ERROR;
				CLANG_WARN_RANGE_LOOP_ANALYSIS = YES;
				CLANG_WARN_STRICT_PROTOTYPES = YES;
				CLANG_WARN_SUSPICIOUS_MOVE = YES;
				CLANG_WARN_UNGUARDED_AVAILABILITY = YES_AGGRESSIVE;
				CLANG_WARN_UNREACHABLE_CODE = YES;
				CLANG_WARN__DUPLICATE_METHOD_MATCH = YES;
				COPY_PHASE_STRIP = NO;
				DEBUG_INFORMATION_FORMAT = dwarf;
				ENABLE_STRICT_OBJC_MSGSEND = YES;
				ENABLE_TESTABILITY = YES;
				GCC_C_LANGUAGE_STANDARD = gnu11;
				GCC_DYNAMIC_NO_PIC = NO;
				GCC_NO_COMMON_BLOCKS = YES;
				GCC_OPTIMIZATION_LEVEL = 0;
				GCC_PREPROCESSOR_DEFINITIONS = (
					"DEBUG=1",
					"$(inherited)",
				);
				GCC_WARN_64_TO_32_BIT_CONVERSION = YES;
				GCC_WARN_ABOUT_RETURN_TYPE = YES_ERROR;
				GCC_WARN_UNDECLARED_SELECTOR = YES;
				GCC_WARN_UNINITIALIZED_AUTOS = YES_AGGRESSIVE;
				GCC_WARN_UNUSED_FUNCTION = YES;
				GCC_WARN_UNUSED_VARIABLE = YES;
				IPHONEOS_DEPLOYMENT_TARGET = 13.4;
				MTL_ENABLE_DEBUG_INFO = INCLUDE_SOURCE;
				MTL_FAST_MATH = YES;
				ONLY_ACTIVE_ARCH = YES;
				SDKROOT = iphoneos;
				SWIFT_ACTIVE_COMPILATION_CONDITIONS = DEBUG;
				SWIFT_OPTIMIZATION_LEVEL = "-Onone";
			};
			name = Debug;
		};
		4F992A3D246DB1AD00DD90C2 /* Release */ = {
			isa = XCBuildConfiguration;
			buildSettings = {
				ALWAYS_SEARCH_USER_PATHS = NO;
				CLANG_ANALYZER_LOCALIZABILITY_NONLOCALIZED = YES;
				CLANG_ANALYZER_NONNULL = YES;
				CLANG_ANALYZER_NUMBER_OBJECT_CONVERSION = YES_AGGRESSIVE;
				CLANG_CXX_LANGUAGE_STANDARD = "gnu++14";
				CLANG_CXX_LIBRARY = "libc++";
				CLANG_ENABLE_MODULES = YES;
				CLANG_ENABLE_OBJC_ARC = YES;
				CLANG_ENABLE_OBJC_WEAK = YES;
				CLANG_WARN_BLOCK_CAPTURE_AUTORELEASING = YES;
				CLANG_WARN_BOOL_CONVERSION = YES;
				CLANG_WARN_COMMA = YES;
				CLANG_WARN_CONSTANT_CONVERSION = YES;
				CLANG_WARN_DEPRECATED_OBJC_IMPLEMENTATIONS = YES;
				CLANG_WARN_DIRECT_OBJC_ISA_USAGE = YES_ERROR;
				CLANG_WARN_DOCUMENTATION_COMMENTS = YES;
				CLANG_WARN_EMPTY_BODY = YES;
				CLANG_WARN_ENUM_CONVERSION = YES;
				CLANG_WARN_INFINITE_RECURSION = YES;
				CLANG_WARN_INT_CONVERSION = YES;
				CLANG_WARN_NON_LITERAL_NULL_CONVERSION = YES;
				CLANG_WARN_OBJC_IMPLICIT_RETAIN_SELF = YES;
				CLANG_WARN_OBJC_LITERAL_CONVERSION = YES;
				CLANG_WARN_OBJC_ROOT_CLASS = YES_ERROR;
				CLANG_WARN_RANGE_LOOP_ANALYSIS = YES;
				CLANG_WARN_STRICT_PROTOTYPES = YES;
				CLANG_WARN_SUSPICIOUS_MOVE = YES;
				CLANG_WARN_UNGUARDED_AVAILABILITY = YES_AGGRESSIVE;
				CLANG_WARN_UNREACHABLE_CODE = YES;
				CLANG_WARN__DUPLICATE_METHOD_MATCH = YES;
				COPY_PHASE_STRIP = NO;
				DEBUG_INFORMATION_FORMAT = "dwarf-with-dsym";
				ENABLE_NS_ASSERTIONS = NO;
				ENABLE_STRICT_OBJC_MSGSEND = YES;
				GCC_C_LANGUAGE_STANDARD = gnu11;
				GCC_NO_COMMON_BLOCKS = YES;
				GCC_WARN_64_TO_32_BIT_CONVERSION = YES;
				GCC_WARN_ABOUT_RETURN_TYPE = YES_ERROR;
				GCC_WARN_UNDECLARED_SELECTOR = YES;
				GCC_WARN_UNINITIALIZED_AUTOS = YES_AGGRESSIVE;
				GCC_WARN_UNUSED_FUNCTION = YES;
				GCC_WARN_UNUSED_VARIABLE = YES;
				IPHONEOS_DEPLOYMENT_TARGET = 13.4;
				MTL_ENABLE_DEBUG_INFO = NO;
				MTL_FAST_MATH = YES;
				SDKROOT = iphoneos;
				SWIFT_COMPILATION_MODE = wholemodule;
				SWIFT_OPTIMIZATION_LEVEL = "-O";
				VALIDATE_PRODUCT = YES;
			};
			name = Release;
		};
		4F992A3F246DB1AD00DD90C2 /* Debug */ = {
			isa = XCBuildConfiguration;
			baseConfigurationReference = FF162D045588984DEF108A5E /* Pods-Dokie.debug.xcconfig */;
			buildSettings = {
				ASSETCATALOG_COMPILER_APPICON_NAME = AppIcon;
				CLANG_ENABLE_MODULES = YES;
				CODE_SIGN_STYLE = Automatic;
				CURRENT_PROJECT_VERSION = 1;
				DEVELOPMENT_TEAM = D9E562H7JV;
				INFOPLIST_FILE = Dokie/Info.plist;
				LD_RUNPATH_SEARCH_PATHS = (
					"$(inherited)",
					"@executable_path/Frameworks",
				);
				MARKETING_VERSION = 1.3;
				PRODUCT_BUNDLE_IDENTIFIER = ashamazsh.Dokie;
				PRODUCT_NAME = "$(TARGET_NAME)";
				SWIFT_OBJC_BRIDGING_HEADER = "Dokie/Dokie-Bridging-Header.h";
				SWIFT_OPTIMIZATION_LEVEL = "-Onone";
				SWIFT_VERSION = 5.0;
				TARGETED_DEVICE_FAMILY = 1;
			};
			name = Debug;
		};
		4F992A40246DB1AD00DD90C2 /* Release */ = {
			isa = XCBuildConfiguration;
			baseConfigurationReference = BDAFE720AF7FE5541763B101 /* Pods-Dokie.release.xcconfig */;
			buildSettings = {
				ASSETCATALOG_COMPILER_APPICON_NAME = AppIcon;
				CLANG_ENABLE_MODULES = YES;
				CODE_SIGN_STYLE = Automatic;
				CURRENT_PROJECT_VERSION = 1;
				DEVELOPMENT_TEAM = D9E562H7JV;
				INFOPLIST_FILE = Dokie/Info.plist;
				LD_RUNPATH_SEARCH_PATHS = (
					"$(inherited)",
					"@executable_path/Frameworks",
				);
				MARKETING_VERSION = 1.3;
				PRODUCT_BUNDLE_IDENTIFIER = ashamazsh.Dokie;
				PRODUCT_NAME = "$(TARGET_NAME)";
				SWIFT_OBJC_BRIDGING_HEADER = "Dokie/Dokie-Bridging-Header.h";
				SWIFT_VERSION = 5.0;
				TARGETED_DEVICE_FAMILY = 1;
			};
			name = Release;
		};
		4F992A42246DB1AD00DD90C2 /* Debug */ = {
			isa = XCBuildConfiguration;
			buildSettings = {
				ALWAYS_EMBED_SWIFT_STANDARD_LIBRARIES = YES;
				BUNDLE_LOADER = "$(TEST_HOST)";
				CODE_SIGN_STYLE = Automatic;
				DEVELOPMENT_TEAM = D9E562H7JV;
				INFOPLIST_FILE = DokieTests/Info.plist;
				IPHONEOS_DEPLOYMENT_TARGET = 13.4;
				LD_RUNPATH_SEARCH_PATHS = (
					"$(inherited)",
					"@executable_path/Frameworks",
					"@loader_path/Frameworks",
				);
				PRODUCT_BUNDLE_IDENTIFIER = ashamazsh.DokieTests;
				PRODUCT_NAME = "$(TARGET_NAME)";
				SWIFT_VERSION = 5.0;
				TARGETED_DEVICE_FAMILY = "1,2";
				TEST_HOST = "$(BUILT_PRODUCTS_DIR)/Dokie.app/Dokie";
			};
			name = Debug;
		};
		4F992A43246DB1AD00DD90C2 /* Release */ = {
			isa = XCBuildConfiguration;
			buildSettings = {
				ALWAYS_EMBED_SWIFT_STANDARD_LIBRARIES = YES;
				BUNDLE_LOADER = "$(TEST_HOST)";
				CODE_SIGN_STYLE = Automatic;
				DEVELOPMENT_TEAM = D9E562H7JV;
				INFOPLIST_FILE = DokieTests/Info.plist;
				IPHONEOS_DEPLOYMENT_TARGET = 13.4;
				LD_RUNPATH_SEARCH_PATHS = (
					"$(inherited)",
					"@executable_path/Frameworks",
					"@loader_path/Frameworks",
				);
				PRODUCT_BUNDLE_IDENTIFIER = ashamazsh.DokieTests;
				PRODUCT_NAME = "$(TARGET_NAME)";
				SWIFT_VERSION = 5.0;
				TARGETED_DEVICE_FAMILY = "1,2";
				TEST_HOST = "$(BUILT_PRODUCTS_DIR)/Dokie.app/Dokie";
			};
			name = Release;
		};
/* End XCBuildConfiguration section */

/* Begin XCConfigurationList section */
		4F992A17246DB1AC00DD90C2 /* Build configuration list for PBXProject "Dokie" */ = {
			isa = XCConfigurationList;
			buildConfigurations = (
				4F992A3C246DB1AD00DD90C2 /* Debug */,
				4F992A3D246DB1AD00DD90C2 /* Release */,
			);
			defaultConfigurationIsVisible = 0;
			defaultConfigurationName = Release;
		};
		4F992A3E246DB1AD00DD90C2 /* Build configuration list for PBXNativeTarget "Dokie" */ = {
			isa = XCConfigurationList;
			buildConfigurations = (
				4F992A3F246DB1AD00DD90C2 /* Debug */,
				4F992A40246DB1AD00DD90C2 /* Release */,
			);
			defaultConfigurationIsVisible = 0;
			defaultConfigurationName = Release;
		};
		4F992A41246DB1AD00DD90C2 /* Build configuration list for PBXNativeTarget "DokieTests" */ = {
			isa = XCConfigurationList;
			buildConfigurations = (
				4F992A42246DB1AD00DD90C2 /* Debug */,
				4F992A43246DB1AD00DD90C2 /* Release */,
			);
			defaultConfigurationIsVisible = 0;
			defaultConfigurationName = Release;
		};
/* End XCConfigurationList section */

/* Begin XCVersionGroup section */
		4F992A28246DB1AC00DD90C2 /* Dokie.xcdatamodeld */ = {
			isa = XCVersionGroup;
			children = (
				4F992A29246DB1AC00DD90C2 /* Dokie.xcdatamodel */,
			);
			currentVersion = 4F992A29246DB1AC00DD90C2 /* Dokie.xcdatamodel */;
			path = Dokie.xcdatamodeld;
			sourceTree = "<group>";
			versionGroupType = wrapper.xcdatamodel;
		};
/* End XCVersionGroup section */
	};
	rootObject = 4F992A14246DB1AC00DD90C2 /* Project object */;
}
